
Microsoft Visual Studio Solution File, Format Version 12.00
# Visual Studio 2013
VisualStudioVersion = 12.0.30324.0
MinimumVisualStudioVersion = 10.0.40219.1
Project("{2150E333-8FDC-42A3-9474-1A3956D46DE8}") = "AudioServer", "AudioServer", "{8B5C2440-F21F-493E-8184-0CF0F9A01C80}"
EndProject
Project("{FAE04EC0-301F-11D3-BF4B-00C04F79EFBC}") = "Alnet.AudioServer", "AudioServer\Alnet.AudioServer\Alnet.AudioServer.csproj", "{9C44B6C7-14B6-41CC-9C2F-A80305CFB495}"
EndProject
Project("{2150E333-8FDC-42A3-9474-1A3956D46DE8}") = "3rdParty", "3rdParty", "{15BEB4A7-2E94-4ADD-AFFB-2C3753A038D3}"
EndProject
Project("{2150E333-8FDC-42A3-9474-1A3956D46DE8}") = "NAudio", "NAudio", "{1E53A91F-4B7E-497E-8B9E-D9A2F84C7112}"
EndProject
Project("{FAE04EC0-301F-11D3-BF4B-00C04F79EFBC}") = "NAudio", "3rdParty\NAudio\NAudio\NAudio.csproj", "{DA4F02E3-0B5E-42CD-B8D9-5583FA51D66E}"
EndProject
Project("{FAE04EC0-301F-11D3-BF4B-00C04F79EFBC}") = "NAudio.WindowsMediaFormat", "3rdParty\NAudio\NAudio.WindowsMediaFormat\NAudio.WindowsMediaFormat.csproj", "{1868FC77-FD6F-4881-9CF5-DE7451806BFA}"
EndProject
Project("{FAE04EC0-301F-11D3-BF4B-00C04F79EFBC}") = "Alnet.AudioServer.Web", "AudioServer\Alnet.AudioServer.Web\Alnet.AudioServer.Web.csproj", "{67E8FD70-CE65-4755-B068-36FF7E0ECABE}"
EndProject
Project("{FAE04EC0-301F-11D3-BF4B-00C04F79EFBC}") = "Alnet.AudioServerContract", "AudioServer\Alnet.AudioServerContract\Alnet.AudioServerContract.csproj", "{AB98AEC4-CA88-4137-8500-2350526D9F03}"
EndProject
Project("{2150E333-8FDC-42A3-9474-1A3956D46DE8}") = "VKDotNet", "VKDotNet", "{FB0E4884-2ECE-4174-8517-03CE407240BB}"
EndProject
Project("{FAE04EC0-301F-11D3-BF4B-00C04F79EFBC}") = "ApiCore", "3rdParty\VKDotNet\ApiCore.csproj", "{6885B1CF-B02D-4AB0-9F5C-A3EE4974655C}"
EndProject
Project("{2150E333-8FDC-42A3-9474-1A3956D46DE8}") = "Utilities", "Utilities", "{3CEC8ECB-A5D8-4ABF-915F-65D527C39AEB}"
EndProject
Project("{FAE04EC0-301F-11D3-BF4B-00C04F79EFBC}") = "VKAccessToken", "Utils\VKAccessToken\VKAccessToken.csproj", "{956D5CA6-ED70-4E6E-8FED-969B8719652F}"
EndProject
Project("{FAE04EC0-301F-11D3-BF4B-00C04F79EFBC}") = "Alnet.Common", "AudioServer\Alnet.Common\Alnet.Common.csproj", "{5C9F3D94-69C4-4DE9-96A3-8A91F7556777}"
EndProject
Global
	GlobalSection(SolutionConfigurationPlatforms) = preSolution
		Debug|Any CPU = Debug|Any CPU
		Debug|ARM = Debug|ARM
		Debug|x86 = Debug|x86
		Release|Any CPU = Release|Any CPU
		Release|ARM = Release|ARM
		Release|x86 = Release|x86
	EndGlobalSection
	GlobalSection(ProjectConfigurationPlatforms) = postSolution
		{9C44B6C7-14B6-41CC-9C2F-A80305CFB495}.Debug|Any CPU.ActiveCfg = Debug|Any CPU
		{9C44B6C7-14B6-41CC-9C2F-A80305CFB495}.Debug|Any CPU.Build.0 = Debug|Any CPU
		{9C44B6C7-14B6-41CC-9C2F-A80305CFB495}.Debug|ARM.ActiveCfg = Debug|Any CPU
		{9C44B6C7-14B6-41CC-9C2F-A80305CFB495}.Debug|x86.ActiveCfg = Debug|Any CPU
		{9C44B6C7-14B6-41CC-9C2F-A80305CFB495}.Release|Any CPU.ActiveCfg = Release|Any CPU
		{9C44B6C7-14B6-41CC-9C2F-A80305CFB495}.Release|Any CPU.Build.0 = Release|Any CPU
		{9C44B6C7-14B6-41CC-9C2F-A80305CFB495}.Release|ARM.ActiveCfg = Release|Any CPU
		{9C44B6C7-14B6-41CC-9C2F-A80305CFB495}.Release|x86.ActiveCfg = Release|Any CPU
		{DA4F02E3-0B5E-42CD-B8D9-5583FA51D66E}.Debug|Any CPU.ActiveCfg = Debug|Any CPU
		{DA4F02E3-0B5E-42CD-B8D9-5583FA51D66E}.Debug|Any CPU.Build.0 = Debug|Any CPU
		{DA4F02E3-0B5E-42CD-B8D9-5583FA51D66E}.Debug|ARM.ActiveCfg = Debug|Any CPU
		{DA4F02E3-0B5E-42CD-B8D9-5583FA51D66E}.Debug|x86.ActiveCfg = Debug|Any CPU
		{DA4F02E3-0B5E-42CD-B8D9-5583FA51D66E}.Release|Any CPU.ActiveCfg = Release|Any CPU
		{DA4F02E3-0B5E-42CD-B8D9-5583FA51D66E}.Release|Any CPU.Build.0 = Release|Any CPU
		{DA4F02E3-0B5E-42CD-B8D9-5583FA51D66E}.Release|ARM.ActiveCfg = Release|Any CPU
		{DA4F02E3-0B5E-42CD-B8D9-5583FA51D66E}.Release|x86.ActiveCfg = Release|Any CPU
		{1868FC77-FD6F-4881-9CF5-DE7451806BFA}.Debug|Any CPU.ActiveCfg = Debug|Any CPU
		{1868FC77-FD6F-4881-9CF5-DE7451806BFA}.Debug|Any CPU.Build.0 = Debug|Any CPU
		{1868FC77-FD6F-4881-9CF5-DE7451806BFA}.Debug|ARM.ActiveCfg = Debug|Any CPU
		{1868FC77-FD6F-4881-9CF5-DE7451806BFA}.Debug|x86.ActiveCfg = Debug|Any CPU
		{1868FC77-FD6F-4881-9CF5-DE7451806BFA}.Release|Any CPU.ActiveCfg = Release|Any CPU
		{1868FC77-FD6F-4881-9CF5-DE7451806BFA}.Release|Any CPU.Build.0 = Release|Any CPU
		{1868FC77-FD6F-4881-9CF5-DE7451806BFA}.Release|ARM.ActiveCfg = Release|Any CPU
		{1868FC77-FD6F-4881-9CF5-DE7451806BFA}.Release|x86.ActiveCfg = Release|Any CPU
		{67E8FD70-CE65-4755-B068-36FF7E0ECABE}.Debug|Any CPU.ActiveCfg = Debug|Any CPU
		{67E8FD70-CE65-4755-B068-36FF7E0ECABE}.Debug|Any CPU.Build.0 = Debug|Any CPU
		{67E8FD70-CE65-4755-B068-36FF7E0ECABE}.Debug|ARM.ActiveCfg = Debug|Any CPU
		{67E8FD70-CE65-4755-B068-36FF7E0ECABE}.Debug|x86.ActiveCfg = Debug|Any CPU
		{67E8FD70-CE65-4755-B068-36FF7E0ECABE}.Release|Any CPU.ActiveCfg = Release|Any CPU
		{67E8FD70-CE65-4755-B068-36FF7E0ECABE}.Release|Any CPU.Build.0 = Release|Any CPU
		{67E8FD70-CE65-4755-B068-36FF7E0ECABE}.Release|ARM.ActiveCfg = Release|Any CPU
		{67E8FD70-CE65-4755-B068-36FF7E0ECABE}.Release|x86.ActiveCfg = Release|Any CPU
		{AB98AEC4-CA88-4137-8500-2350526D9F03}.Debug|Any CPU.ActiveCfg = Debug|Any CPU
		{AB98AEC4-CA88-4137-8500-2350526D9F03}.Debug|Any CPU.Build.0 = Debug|Any CPU
		{AB98AEC4-CA88-4137-8500-2350526D9F03}.Debug|ARM.ActiveCfg = Debug|Any CPU
		{AB98AEC4-CA88-4137-8500-2350526D9F03}.Debug|x86.ActiveCfg = Debug|Any CPU
		{AB98AEC4-CA88-4137-8500-2350526D9F03}.Release|Any CPU.ActiveCfg = Release|Any CPU
		{AB98AEC4-CA88-4137-8500-2350526D9F03}.Release|Any CPU.Build.0 = Release|Any CPU
		{AB98AEC4-CA88-4137-8500-2350526D9F03}.Release|ARM.ActiveCfg = Release|Any CPU
		{AB98AEC4-CA88-4137-8500-2350526D9F03}.Release|x86.ActiveCfg = Release|Any CPU
		{6885B1CF-B02D-4AB0-9F5C-A3EE4974655C}.Debug|Any CPU.ActiveCfg = Debug|Any CPU
		{6885B1CF-B02D-4AB0-9F5C-A3EE4974655C}.Debug|Any CPU.Build.0 = Debug|Any CPU
		{6885B1CF-B02D-4AB0-9F5C-A3EE4974655C}.Debug|ARM.ActiveCfg = Debug|Any CPU
		{6885B1CF-B02D-4AB0-9F5C-A3EE4974655C}.Debug|x86.ActiveCfg = Debug|Any CPU
		{6885B1CF-B02D-4AB0-9F5C-A3EE4974655C}.Release|Any CPU.ActiveCfg = Release|Any CPU
		{6885B1CF-B02D-4AB0-9F5C-A3EE4974655C}.Release|Any CPU.Build.0 = Release|Any CPU
		{6885B1CF-B02D-4AB0-9F5C-A3EE4974655C}.Release|ARM.ActiveCfg = Release|Any CPU
		{6885B1CF-B02D-4AB0-9F5C-A3EE4974655C}.Release|x86.ActiveCfg = Release|Any CPU
		{956D5CA6-ED70-4E6E-8FED-969B8719652F}.Debug|Any CPU.ActiveCfg = Debug|Any CPU
		{956D5CA6-ED70-4E6E-8FED-969B8719652F}.Debug|Any CPU.Build.0 = Debug|Any CPU
		{956D5CA6-ED70-4E6E-8FED-969B8719652F}.Debug|ARM.ActiveCfg = Debug|Any CPU
		{956D5CA6-ED70-4E6E-8FED-969B8719652F}.Debug|x86.ActiveCfg = Debug|Any CPU
		{956D5CA6-ED70-4E6E-8FED-969B8719652F}.Release|Any CPU.ActiveCfg = Release|Any CPU
		{956D5CA6-ED70-4E6E-8FED-969B8719652F}.Release|Any CPU.Build.0 = Release|Any CPU
		{956D5CA6-ED70-4E6E-8FED-969B8719652F}.Release|ARM.ActiveCfg = Release|Any CPU
		{956D5CA6-ED70-4E6E-8FED-969B8719652F}.Release|x86.ActiveCfg = Release|Any CPU
		{5C9F3D94-69C4-4DE9-96A3-8A91F7556777}.Debug|Any CPU.ActiveCfg = Debug|Any CPU
		{5C9F3D94-69C4-4DE9-96A3-8A91F7556777}.Debug|Any CPU.Build.0 = Debug|Any CPU
		{5C9F3D94-69C4-4DE9-96A3-8A91F7556777}.Debug|ARM.ActiveCfg = Debug|Any CPU
		{5C9F3D94-69C4-4DE9-96A3-8A91F7556777}.Debug|x86.ActiveCfg = Debug|Any CPU
		{5C9F3D94-69C4-4DE9-96A3-8A91F7556777}.Release|Any CPU.ActiveCfg = Release|Any CPU
		{5C9F3D94-69C4-4DE9-96A3-8A91F7556777}.Release|Any CPU.Build.0 = Release|Any CPU
		{5C9F3D94-69C4-4DE9-96A3-8A91F7556777}.Release|ARM.ActiveCfg = Release|Any CPU
		{5C9F3D94-69C4-4DE9-96A3-8A91F7556777}.Release|x86.ActiveCfg = Release|Any CPU
	EndGlobalSection
	GlobalSection(SolutionProperties) = preSolution
		HideSolutionNode = FALSE
	EndGlobalSection
	GlobalSection(NestedProjects) = preSolution
		{9C44B6C7-14B6-41CC-9C2F-A80305CFB495} = {8B5C2440-F21F-493E-8184-0CF0F9A01C80}
		{1E53A91F-4B7E-497E-8B9E-D9A2F84C7112} = {15BEB4A7-2E94-4ADD-AFFB-2C3753A038D3}
		{DA4F02E3-0B5E-42CD-B8D9-5583FA51D66E} = {1E53A91F-4B7E-497E-8B9E-D9A2F84C7112}
		{1868FC77-FD6F-4881-9CF5-DE7451806BFA} = {1E53A91F-4B7E-497E-8B9E-D9A2F84C7112}
		{67E8FD70-CE65-4755-B068-36FF7E0ECABE} = {8B5C2440-F21F-493E-8184-0CF0F9A01C80}
		{AB98AEC4-CA88-4137-8500-2350526D9F03} = {8B5C2440-F21F-493E-8184-0CF0F9A01C80}
		{FB0E4884-2ECE-4174-8517-03CE407240BB} = {15BEB4A7-2E94-4ADD-AFFB-2C3753A038D3}
		{6885B1CF-B02D-4AB0-9F5C-A3EE4974655C} = {FB0E4884-2ECE-4174-8517-03CE407240BB}
		{956D5CA6-ED70-4E6E-8FED-969B8719652F} = {3CEC8ECB-A5D8-4ABF-915F-65D527C39AEB}
		{5C9F3D94-69C4-4DE9-96A3-8A91F7556777} = {8B5C2440-F21F-493E-8184-0CF0F9A01C80}
	EndGlobalSection
EndGlobal
